{
	"name": "risto-client-js",
	"version": "0.0.24",
	"lockfileVersion": 1,
	"requires": true,
	"dependencies": {
		"typed-promisify": {
			"version": "0.4.0",
			"resolved": "https://registry.npmjs.org/typed-promisify/-/typed-promisify-0.4.0.tgz",
			"integrity": "sha1-reHT0yEwdnuk71OFFixyBpgQXQ8="
		}
	}
}
